
Microsoft Visual Studio Solution File, Format Version 12.00
# Visual Studio Version 17
VisualStudioVersion = 17.0.31710.8
MinimumVisualStudioVersion = 10.0.40219.1
Project("{FAE04EC0-301F-11D3-BF4B-00C04F79EFBC}") = "practica_entrega", "practica_entrega\practica_entrega.csproj", "{BC69D424-4A61-4BF2-B264-7F8BE4DB82B9}"
EndProject
Project("{FAE04EC0-301F-11D3-BF4B-00C04F79EFBC}") = "web_api_practica", "web_api_practica\web_api_practica.csproj", "{F945CEC8-5554-454C-9E77-59463E520A01}"
EndProject
Global
	GlobalSection(SolutionConfigurationPlatforms) = preSolution
		Debug|Any CPU = Debug|Any CPU
		Release|Any CPU = Release|Any CPU
	EndGlobalSection
	GlobalSection(ProjectConfigurationPlatforms) = postSolution
		{BC69D424-4A61-4BF2-B264-7F8BE4DB82B9}.Debug|Any CPU.ActiveCfg = Debug|Any CPU
		{BC69D424-4A61-4BF2-B264-7F8BE4DB82B9}.Debug|Any CPU.Build.0 = Debug|Any CPU
		{BC69D424-4A61-4BF2-B264-7F8BE4DB82B9}.Release|Any CPU.ActiveCfg = Release|Any CPU
		{BC69D424-4A61-4BF2-B264-7F8BE4DB82B9}.Release|Any CPU.Build.0 = Release|Any CPU
		{F945CEC8-5554-454C-9E77-59463E520A01}.Debug|Any CPU.ActiveCfg = Debug|Any CPU
		{F945CEC8-5554-454C-9E77-59463E520A01}.Debug|Any CPU.Build.0 = Debug|Any CPU
		{F945CEC8-5554-454C-9E77-59463E520A01}.Release|Any CPU.ActiveCfg = Release|Any CPU
		{F945CEC8-5554-454C-9E77-59463E520A01}.Release|Any CPU.Build.0 = Release|Any CPU
	EndGlobalSection
	GlobalSection(SolutionProperties) = preSolution
		HideSolutionNode = FALSE
	EndGlobalSection
	GlobalSection(ExtensibilityGlobals) = postSolution
		SolutionGuid = {E8C005C1-F354-49D8-9570-A983874F7336}
	EndGlobalSection
EndGlobal
